
Microsoft Visual Studio Solution File, Format Version 12.00
# Visual Studio Version 17
VisualStudioVersion = 17.7.34031.279
MinimumVisualStudioVersion = 10.0.40219.1
Project("{9A19103F-16F7-4668-BE54-9A1E7A4F7556}") = "Product.Api", "Product.Api\Product.Api.csproj", "{E0F408D7-FFCD-4207-8567-E0568BF61900}"
EndProject
Project("{9A19103F-16F7-4668-BE54-9A1E7A4F7556}") = "Product.DataTypes", "Product.DataTypes\Product.DataTypes.csproj", "{EF142C58-A963-4868-9438-E13FE99993C0}"
EndProject
Project("{FAE04EC0-301F-11D3-BF4B-00C04F79EFBC}") = "Product.Services", "Product.Services\Product.Services.csproj", "{1D8646C1-12BC-4C0B-A41E-DAE7A8A5F552}"
EndProject
Project("{FAE04EC0-301F-11D3-BF4B-00C04F79EFBC}") = "Product.DataAccess", "Product.DataAccess\Product.DataAccess.csproj", "{0DD26FFF-4AE0-4FFB-B6C8-1E1CD455519E}"
EndProject
Project("{FAE04EC0-301F-11D3-BF4B-00C04F79EFBC}") = "Product.Api.Tests", "Product.Api.Tests\Product.Api.Tests.csproj", "{FE3ACE95-655A-4949-B2EA-A1F02713BF33}"
EndProject
Global
	GlobalSection(SolutionConfigurationPlatforms) = preSolution
		Debug|Any CPU = Debug|Any CPU
		Release|Any CPU = Release|Any CPU
	EndGlobalSection
	GlobalSection(ProjectConfigurationPlatforms) = postSolution
		{E0F408D7-FFCD-4207-8567-E0568BF61900}.Debug|Any CPU.ActiveCfg = Debug|Any CPU
		{E0F408D7-FFCD-4207-8567-E0568BF61900}.Debug|Any CPU.Build.0 = Debug|Any CPU
		{E0F408D7-FFCD-4207-8567-E0568BF61900}.Release|Any CPU.ActiveCfg = Release|Any CPU
		{E0F408D7-FFCD-4207-8567-E0568BF61900}.Release|Any CPU.Build.0 = Release|Any CPU
		{EF142C58-A963-4868-9438-E13FE99993C0}.Debug|Any CPU.ActiveCfg = Debug|Any CPU
		{EF142C58-A963-4868-9438-E13FE99993C0}.Debug|Any CPU.Build.0 = Debug|Any CPU
		{EF142C58-A963-4868-9438-E13FE99993C0}.Release|Any CPU.ActiveCfg = Release|Any CPU
		{EF142C58-A963-4868-9438-E13FE99993C0}.Release|Any CPU.Build.0 = Release|Any CPU
		{1D8646C1-12BC-4C0B-A41E-DAE7A8A5F552}.Debug|Any CPU.ActiveCfg = Debug|Any CPU
		{1D8646C1-12BC-4C0B-A41E-DAE7A8A5F552}.Debug|Any CPU.Build.0 = Debug|Any CPU
		{1D8646C1-12BC-4C0B-A41E-DAE7A8A5F552}.Release|Any CPU.ActiveCfg = Release|Any CPU
		{1D8646C1-12BC-4C0B-A41E-DAE7A8A5F552}.Release|Any CPU.Build.0 = Release|Any CPU
		{0DD26FFF-4AE0-4FFB-B6C8-1E1CD455519E}.Debug|Any CPU.ActiveCfg = Debug|Any CPU
		{0DD26FFF-4AE0-4FFB-B6C8-1E1CD455519E}.Debug|Any CPU.Build.0 = Debug|Any CPU
		{0DD26FFF-4AE0-4FFB-B6C8-1E1CD455519E}.Release|Any CPU.ActiveCfg = Release|Any CPU
		{0DD26FFF-4AE0-4FFB-B6C8-1E1CD455519E}.Release|Any CPU.Build.0 = Release|Any CPU
		{FE3ACE95-655A-4949-B2EA-A1F02713BF33}.Debug|Any CPU.ActiveCfg = Debug|Any CPU
		{FE3ACE95-655A-4949-B2EA-A1F02713BF33}.Debug|Any CPU.Build.0 = Debug|Any CPU
		{FE3ACE95-655A-4949-B2EA-A1F02713BF33}.Release|Any CPU.ActiveCfg = Release|Any CPU
		{FE3ACE95-655A-4949-B2EA-A1F02713BF33}.Release|Any CPU.Build.0 = Release|Any CPU
	EndGlobalSection
	GlobalSection(SolutionProperties) = preSolution
		HideSolutionNode = FALSE
	EndGlobalSection
	GlobalSection(ExtensibilityGlobals) = postSolution
		SolutionGuid = {176B7E98-7ACE-468B-B40D-D37D71DC507A}
	EndGlobalSection
EndGlobal
